// !$*UTF8*$!
{
	archiveVersion = 1;
	classes = {
	};
	objectVersion = 77;
	objects = {

/* Begin PBXContainerItemProxy section */
		49C825332F29214B0097EFB2 /* PBXContainerItemProxy */ = {
			isa = PBXContainerItemProxy;
			containerPortal = 49C8251D2F2921490097EFB2 /* Project object */;
			proxyType = 1;
			remoteGlobalIDString = 49C825242F2921490097EFB2;
			remoteInfo = TDDPasswordLab;
		};
		49C8253D2F29214B0097EFB2 /* PBXContainerItemProxy */ = {
			isa = PBXContainerItemProxy;
			containerPortal = 49C8251D2F2921490097EFB2 /* Project object */;
			proxyType = 1;
			remoteGlobalIDString = 49C825242F2921490097EFB2;
			remoteInfo = TDDPasswordLab;
		};
/* End PBXContainerItemProxy section */

/* Begin PBXFileReference section */
		49C825252F2921490097EFB2 /* TDDPasswordLab.app */ = {isa = PBXFileReference; explicitFileType = wrapper.application; includeInIndex = 0; path = TDDPasswordLab.app; sourceTree = BUILT_PRODUCTS_DIR; };
		49C825322F29214B0097EFB2 /* TDDPasswordLabTests.xctest */ = {isa = PBXFileReference; explicitFileType = wrapper.cfbundle; includeInIndex = 0; path = TDDPasswordLabTests.xctest; sourceTree = BUILT_PRODUCTS_DIR; };
		49C8253C2F29214B0097EFB2 /* TDDPasswordLabUITests.xctest */ = {isa = PBXFileReference; explicitFileType = wrapper.cfbundle; includeInIndex = 0; path = TDDPasswordLabUITests.xctest; sourceTree = BUILT_PRODUCTS_DIR; };
/* End PBXFileReference section */

/* Begin PBXFileSystemSynchronizedRootGroup section */
		49C825272F2921490097EFB2 /* TDDPasswordLab */ = {
			isa = PBXFileSystemSynchronizedRootGroup;
			path = TDDPasswordLab;
			sourceTree = "<group>";
		};
		49C825352F29214B0097EFB2 /* TDDPasswordLabTests */ = {
			isa = PBXFileSystemSynchronizedRootGroup;
			path = TDDPasswordLabTests;
			sourceTree = "<group>";
		};
		49C825552F2943610097EFB2 /* Views */ = {
			isa = PBXFileSystemSynchronizedRootGroup;
			path = Views;
			sourceTree = "<group>";
		};
		49C825562F2943750097EFB2 /* ViewModels */ = {
			isa = PBXFileSystemSynchronizedRootGroup;
			path = ViewModels;
			sourceTree = "<group>";
		};
		49C825572F2943810097EFB2 /* Models */ = {
			isa = PBXFileSystemSynchronizedRootGroup;
			path = Models;
			sourceTree = "<group>";
		};
/* End PBXFileSystemSynchronizedRootGroup section */

/* Begin PBXFrameworksBuildPhase section */
		49C825222F2921490097EFB2 /* Frameworks */ = {
			isa = PBXFrameworksBuildPhase;
			buildActionMask = 2147483647;
			files = (
			);
			runOnlyForDeploymentPostprocessing = 0;
		};
		49C8252F2F29214B0097EFB2 /* Frameworks */ = {
			isa = PBXFrameworksBuildPhase;
			buildActionMask = 2147483647;
			files = (
			);
			runOnlyForDeploymentPostprocessing = 0;
		};
		49C825392F29214B0097EFB2 /* Frameworks */ = {
			isa = PBXFrameworksBuildPhase;
			buildActionMask = 2147483647;
			files = (
			);
			runOnlyForDeploymentPostprocessing = 0;
		};
/* End PBXFrameworksBuildPhase section */

/* Begin PBXGroup section */
		49C8251C2F2921490097EFB2 = {
			isa = PBXGroup;
			children = (
				49C825572F2943810097EFB2 /* Models */,
				49C825562F2943750097EFB2 /* ViewModels */,
				49C825552F2943610097EFB2 /* Views */,
				49C825272F2921490097EFB2 /* TDDPasswordLab */,
				49C825352F29214B0097EFB2 /* TDDPasswordLabTests */,
				49C825262F2921490097EFB2 /* Products */,
			);
			sourceTree = "<group>";
		};
		49C825262F2921490097EFB2 /* Products */ = {
			isa = PBXGroup;
			children = (
				49C825252F2921490097EFB2 /* TDDPasswordLab.app */,
				49C825322F29214B0097EFB2 /* TDDPasswordLabTests.xctest */,
				49C8253C2F29214B0097EFB2 /* TDDPasswordLabUITests.xctest */,
			);
			name = Products;
			sourceTree = "<group>";
		};
/* End PBXGroup section */

/* Begin PBXNativeTarget section */
		49C825242F2921490097EFB2 /* TDDPasswordLab */ = {
			isa = PBXNativeTarget;
			buildConfigurationList = 49C825462F29214B0097EFB2 /* Build configuration list for PBXNativeTarget "TDDPasswordLab" */;
			buildPhases = (
				49C825212F2921490097EFB2 /* Sources */,
				49C825222F2921490097EFB2 /* Frameworks */,
				49C825232F2921490097EFB2 /* Resources */,
			);
			buildRules = (
			);
			dependencies = (
			);
			fileSystemSynchronizedGroups = (
				49C825272F2921490097EFB2 /* TDDPasswordLab */,
				49C825552F2943610097EFB2 /* Views */,
				49C825562F2943750097EFB2 /* ViewModels */,
				49C825572F2943810097EFB2 /* Models */,
			);
			name = TDDPasswordLab;
			packageProductDependencies = (
			);
			productName = TDDPasswordLab;
			productReference = 49C825252F2921490097EFB2 /* TDDPasswordLab.app */;
			productType = "com.apple.product-type.application";
		};
		49C825312F29214B0097EFB2 /* TDDPasswordLabTests */ = {
			isa = PBXNativeTarget;
			buildConfigurationList = 49C825492F29214B0097EFB2 /* Build configuration list for PBXNativeTarget "TDDPasswordLabTests" */;
			buildPhases = (
				49C8252E2F29214B0097EFB2 /* Sources */,
				49C8252F2F29214B0097EFB2 /* Frameworks */,
				49C825302F29214B0097EFB2 /* Resources */,
			);
			buildRules = (
			);
			dependencies = (
				49C825342F29214B0097EFB2 /* PBXTargetDependency */,
			);
			fileSystemSynchronizedGroups = (
				49C825352F29214B0097EFB2 /* TDDPasswordLabTests */,
			);
			name = TDDPasswordLabTests;
			packageProductDependencies = (
			);
			productName = TDDPasswordLabTests;
			productReference = 49C825322F29214B0097EFB2 /* TDDPasswordLabTests.xctest */;
			productType = "com.apple.product-type.bundle.unit-test";
		};
		49C8253B2F29214B0097EFB2 /* TDDPasswordLabUITests */ = {
			isa = PBXNativeTarget;
			buildConfigurationList = 49C8254C2F29214B0097EFB2 /* Build configuration list for PBXNativeTarget "TDDPasswordLabUITests" */;
			buildPhases = (
				49C825382F29214B0097EFB2 /* Sources */,
				49C825392F29214B0097EFB2 /* Frameworks */,
				49C8253A2F29214B0097EFB2 /* Resources */,
			);
			buildRules = (
			);
			dependencies = (
				49C8253E2F29214B0097EFB2 /* PBXTargetDependency */,
			);
			name = TDDPasswordLabUITests;
			packageProductDependencies = (
			);
			productName = TDDPasswordLabUITests;
			productReference = 49C8253C2F29214B0097EFB2 /* TDDPasswordLabUITests.xctest */;
			productType = "com.apple.product-type.bundle.ui-testing";
		};
/* End PBXNativeTarget section */

/* Begin PBXProject section */
		49C8251D2F2921490097EFB2 /* Project object */ = {
			isa = PBXProject;
			attributes = {
				BuildIndependentTargetsInParallel = 1;
				LastSwiftUpdateCheck = 2620;
				LastUpgradeCheck = 2620;
				TargetAttributes = {
					49C825242F2921490097EFB2 = {
						CreatedOnToolsVersion = 26.2;
					};
					49C825312F29214B0097EFB2 = {
						CreatedOnToolsVersion = 26.2;
						TestTargetID = 49C825242F2921490097EFB2;
					};
					49C8253B2F29214B0097EFB2 = {
						CreatedOnToolsVersion = 26.2;
						TestTargetID = 49C825242F2921490097EFB2;
					};
				};
			};
			buildConfigurationList = 49C825202F2921490097EFB2 /* Build configuration list for PBXProject "TDDPasswordLab" */;
			developmentRegion = en;
			hasScannedForEncodings = 0;
			knownRegions = (
				en,
				Base,
			);
			mainGroup = 49C8251C2F2921490097EFB2;
			minimizedProjectReferenceProxies = 1;
			preferredProjectObjectVersion = 77;
			productRefGroup = 49C825262F2921490097EFB2 /* Products */;
			projectDirPath = "";
			projectRoot = "";
			targets = (
				49C825242F2921490097EFB2 /* TDDPasswordLab */,
				49C825312F29214B0097EFB2 /* TDDPasswordLabTests */,
				49C8253B2F29214B0097EFB2 /* TDDPasswordLabUITests */,
			);
		};
/* End PBXProject section */

/* Begin PBXResourcesBuildPhase section */
		49C825232F2921490097EFB2 /* Resources */ = {
			isa = PBXResourcesBuildPhase;
			buildActionMask = 2147483647;
			files = (
			);
			runOnlyForDeploymentPostprocessing = 0;
		};
		49C825302F29214B0097EFB2 /* Resources */ = {
			isa = PBXResourcesBuildPhase;
			buildActionMask = 2147483647;
			files = (
			);
			runOnlyForDeploymentPostprocessing = 0;
		};
		49C8253A2F29214B0097EFB2 /* Resources */ = {
			isa = PBXResourcesBuildPhase;
			buildActionMask = 2147483647;
			files = (
			);
			runOnlyForDeploymentPostprocessing = 0;
		};
/* End PBXResourcesBuildPhase section */

/* Begin PBXSourcesBuildPhase section */
		49C825212F2921490097EFB2 /* Sources */ = {
			isa = PBXSourcesBuildPhase;
			buildActionMask = 2147483647;
			files = (
			);
			runOnlyForDeploymentPostprocessing = 0;
		};
		49C8252E2F29214B0097EFB2 /* Sources */ = {
			isa = PBXSourcesBuildPhase;
			buildActionMask = 2147483647;
			files = (
			);
			runOnlyForDeploymentPostprocessing = 0;
		};
		49C825382F29214B0097EFB2 /* Sources */ = {
			isa = PBXSourcesBuildPhase;
			buildActionMask = 2147483647;
			files = (
			);
			runOnlyForDeploymentPostprocessing = 0;
		};
/* End PBXSourcesBuildPhase section */

/* Begin PBXTargetDependency section */
		49C825342F29214B0097EFB2 /* PBXTargetDependency */ = {
			isa = PBXTargetDependency;
			target = 49C825242F2921490097EFB2 /* TDDPasswordLab */;
			targetProxy = 49C825332F29214B0097EFB2 /* PBXContainerItemProxy */;
		};
		49C8253E2F29214B0097EFB2 /* PBXTargetDependency */ = {
			isa = PBXTargetDependency;
			target = 49C825242F2921490097EFB2 /* TDDPasswordLab */;
			targetProxy = 49C8253D2F29214B0097EFB2 /* PBXContainerItemProxy */;
		};
/* End PBXTargetDependency section */

/* Begin XCBuildConfiguration section */
		49C825442F29214B0097EFB2 /* Debug */ = {
			isa = XCBuildConfiguration;
			buildSettings = {
				ALWAYS_SEARCH_USER_PATHS = NO;
				ASSETCATALOG_COMPILER_GENERATE_SWIFT_ASSET_SYMBOL_EXTENSIONS = YES;
				CLANG_ANALYZER_NONNULL = YES;
				CLANG_ANALYZER_NUMBER_OBJECT_CONVERSION = YES_AGGRESSIVE;
				CLANG_CXX_LANGUAGE_STANDARD = "gnu++20";
				CLANG_ENABLE_MODULES = YES;
				CLANG_ENABLE_OBJC_ARC = YES;
				CLANG_ENABLE_OBJC_WEAK = YES;
				CLANG_WARN_BLOCK_CAPTURE_AUTORELEASING = YES;
				CLANG_WARN_BOOL_CONVERSION = YES;
				CLANG_WARN_COMMA = YES;
				CLANG_WARN_CONSTANT_CONVERSION = YES;
				CLANG_WARN_DEPRECATED_OBJC_IMPLEMENTATIONS = YES;
				CLANG_WARN_DIRECT_OBJC_ISA_USAGE = YES_ERROR;
				CLANG_WARN_DOCUMENTATION_COMMENTS = YES;
				CLANG_WARN_EMPTY_BODY = YES;
				CLANG_WARN_ENUM_CONVERSION = YES;
				CLANG_WARN_INFINITE_RECURSION = YES;
				CLANG_WARN_INT_CONVERSION = YES;
				CLANG_WARN_NON_LITERAL_NULL_CONVERSION = YES;
				CLANG_WARN_OBJC_IMPLICIT_RETAIN_SELF = YES;
				CLANG_WARN_OBJC_LITERAL_CONVERSION = YES;
				CLANG_WARN_OBJC_ROOT_CLASS = YES_ERROR;
				CLANG_WARN_QUOTED_INCLUDE_IN_FRAMEWORK_HEADER = YES;
				CLANG_WARN_RANGE_LOOP_ANALYSIS = YES;
				CLANG_WARN_STRICT_PROTOTYPES = YES;
				CLANG_WARN_SUSPICIOUS_MOVE = YES;
				CLANG_WARN_UNGUARDED_AVAILABILITY = YES_AGGRESSIVE;
				CLANG_WARN_UNREACHABLE_CODE = YES;
				CLANG_WARN__DUPLICATE_METHOD_MATCH = YES;
				COPY_PHASE_STRIP = NO;
				DEBUG_INFORMATION_FORMAT = dwarf;
				DEVELOPMENT_TEAM = 5X3HQD4PR7;
				ENABLE_STRICT_OBJC_MSGSEND = YES;
				ENABLE_TESTABILITY = YES;
				ENABLE_USER_SCRIPT_SANDBOXING = YES;
				GCC_C_LANGUAGE_STANDARD = gnu17;
				GCC_DYNAMIC_NO_PIC = NO;
				GCC_NO_COMMON_BLOCKS = YES;
				GCC_OPTIMIZATION_LEVEL = 0;
				GCC_PREPROCESSOR_DEFINITIONS = (
					"DEBUG=1",
					"$(inherited)",
				);
				GCC_WARN_64_TO_32_BIT_CONVERSION = YES;
				GCC_WARN_ABOUT_RETURN_TYPE = YES_ERROR;
				GCC_WARN_UNDECLARED_SELECTOR = YES;
				GCC_WARN_UNINITIALIZED_AUTOS = YES_AGGRESSIVE;
				GCC_WARN_UNUSED_FUNCTION = YES;
				GCC_WARN_UNUSED_VARIABLE = YES;
				IPHONEOS_DEPLOYMENT_TARGET = 26.2;
				LOCALIZATION_PREFERS_STRING_CATALOGS = YES;
				MTL_ENABLE_DEBUG_INFO = INCLUDE_SOURCE;
				MTL_FAST_MATH = YES;
				ONLY_ACTIVE_ARCH = YES;
				SDKROOT = iphoneos;
				SWIFT_ACTIVE_COMPILATION_CONDITIONS = "DEBUG $(inherited)";
				SWIFT_OPTIMIZATION_LEVEL = "-Onone";
			};
			name = Debug;
		};
		49C825452F29214B0097EFB2 /* Release */ = {
			isa = XCBuildConfiguration;
			buildSettings = {
				ALWAYS_SEARCH_USER_PATHS = NO;
				ASSETCATALOG_COMPILER_GENERATE_SWIFT_ASSET_SYMBOL_EXTENSIONS = YES;
				CLANG_ANALYZER_NONNULL = YES;
				CLANG_ANALYZER_NUMBER_OBJECT_CONVERSION = YES_AGGRESSIVE;
				CLANG_CXX_LANGUAGE_STANDARD = "gnu++20";
				CLANG_ENABLE_MODULES = YES;
				CLANG_ENABLE_OBJC_ARC = YES;
				CLANG_ENABLE_OBJC_WEAK = YES;
				CLANG_WARN_BLOCK_CAPTURE_AUTORELEASING = YES;
				CLANG_WARN_BOOL_CONVERSION = YES;
				CLANG_WARN_COMMA = YES;
				CLANG_WARN_CONSTANT_CONVERSION = YES;
				CLANG_WARN_DEPRECATED_OBJC_IMPLEMENTATIONS = YES;
				CLANG_WARN_DIRECT_OBJC_ISA_USAGE = YES_ERROR;
				CLANG_WARN_DOCUMENTATION_COMMENTS = YES;
				CLANG_WARN_EMPTY_BODY = YES;
				CLANG_WARN_ENUM_CONVERSION = YES;
				CLANG_WARN_INFINITE_RECURSION = YES;
				CLANG_WARN_INT_CONVERSION = YES;
				CLANG_WARN_NON_LITERAL_NULL_CONVERSION = YES;
				CLANG_WARN_OBJC_IMPLICIT_RETAIN_SELF = YES;
				CLANG_WARN_OBJC_LITERAL_CONVERSION = YES;
				CLANG_WARN_OBJC_ROOT_CLASS = YES_ERROR;
				CLANG_WARN_QUOTED_INCLUDE_IN_FRAMEWORK_HEADER = YES;
				CLANG_WARN_RANGE_LOOP_ANALYSIS = YES;
				CLANG_WARN_STRICT_PROTOTYPES = YES;
				CLANG_WARN_SUSPICIOUS_MOVE = YES;
				CLANG_WARN_UNGUARDED_AVAILABILITY = YES_AGGRESSIVE;
				CLANG_WARN_UNREACHABLE_CODE = YES;
				CLANG_WARN__DUPLICATE_METHOD_MATCH = YES;
				COPY_PHASE_STRIP = NO;
				DEBUG_INFORMATION_FORMAT = "dwarf-with-dsym";
				DEVELOPMENT_TEAM = 5X3HQD4PR7;
				ENABLE_NS_ASSERTIONS = NO;
				ENABLE_STRICT_OBJC_MSGSEND = YES;
				ENABLE_USER_SCRIPT_SANDBOXING = YES;
				GCC_C_LANGUAGE_STANDARD = gnu17;
				GCC_NO_COMMON_BLOCKS = YES;
				GCC_WARN_64_TO_32_BIT_CONVERSION = YES;
				GCC_WARN_ABOUT_RETURN_TYPE = YES_ERROR;
				GCC_WARN_UNDECLARED_SELECTOR = YES;
				GCC_WARN_UNINITIALIZED_AUTOS = YES_AGGRESSIVE;
				GCC_WARN_UNUSED_FUNCTION = YES;
				GCC_WARN_UNUSED_VARIABLE = YES;
				IPHONEOS_DEPLOYMENT_TARGET = 26.2;
				LOCALIZATION_PREFERS_STRING_CATALOGS = YES;
				MTL_ENABLE_DEBUG_INFO = NO;
				MTL_FAST_MATH = YES;
				SDKROOT = iphoneos;
				SWIFT_COMPILATION_MODE = wholemodule;
				VALIDATE_PRODUCT = YES;
			};
			name = Release;
		};
		49C825472F29214B0097EFB2 /* Debug */ = {
			isa = XCBuildConfiguration;
			buildSettings = {
				ASSETCATALOG_COMPILER_APPICON_NAME = AppIcon;
				ASSETCATALOG_COMPILER_GLOBAL_ACCENT_COLOR_NAME = AccentColor;
				CODE_SIGN_STYLE = Automatic;
				CURRENT_PROJECT_VERSION = 1;
				DEVELOPMENT_TEAM = 5X3HQD4PR7;
				ENABLE_PREVIEWS = YES;
				GENERATE_INFOPLIST_FILE = YES;
				INFOPLIST_KEY_UIApplicationSceneManifest_Generation = YES;
				INFOPLIST_KEY_UIApplicationSupportsIndirectInputEvents = YES;
				INFOPLIST_KEY_UILaunchScreen_Generation = YES;
				INFOPLIST_KEY_UISupportedInterfaceOrientations_iPad = "UIInterfaceOrientationPortrait UIInterfaceOrientationPortraitUpsideDown UIInterfaceOrientationLandscapeLeft UIInterfaceOrientationLandscapeRight";
				INFOPLIST_KEY_UISupportedInterfaceOrientations_iPhone = "UIInterfaceOrientationPortrait UIInterfaceOrientationLandscapeLeft UIInterfaceOrientationLandscapeRight";
				LD_RUNPATH_SEARCH_PATHS = (
					"$(inherited)",
					"@executable_path/Frameworks",
				);
				MARKETING_VERSION = 1.0;
				PRODUCT_BUNDLE_IDENTIFIER = "A.E.MTEC-App.TDDPasswordLab";
				PRODUCT_NAME = "$(TARGET_NAME)";
				STRING_CATALOG_GENERATE_SYMBOLS = YES;
				SWIFT_APPROACHABLE_CONCURRENCY = YES;
				SWIFT_DEFAULT_ACTOR_ISOLATION = MainActor;
				SWIFT_EMIT_LOC_STRINGS = YES;
				SWIFT_UPCOMING_FEATURE_MEMBER_IMPORT_VISIBILITY = YES;
				SWIFT_VERSION = 5.0;
				TARGETED_DEVICE_FAMILY = "1,2";
			};
			name = Debug;
		};
		49C825482F29214B0097EFB2 /* Release */ = {
			isa = XCBuildConfiguration;
			buildSettings = {
				ASSETCATALOG_COMPILER_APPICON_NAME = AppIcon;
				ASSETCATALOG_COMPILER_GLOBAL_ACCENT_COLOR_NAME = AccentColor;
				CODE_SIGN_STYLE = Automatic;
				CURRENT_PROJECT_VERSION = 1;
				DEVELOPMENT_TEAM = 5X3HQD4PR7;
				ENABLE_PREVIEWS = YES;
				GENERATE_INFOPLIST_FILE = YES;
				INFOPLIST_KEY_UIApplicationSceneManifest_Generation = YES;
				INFOPLIST_KEY_UIApplicationSupportsIndirectInputEvents = YES;
				INFOPLIST_KEY_UILaunchScreen_Generation = YES;
				INFOPLIST_KEY_UISupportedInterfaceOrientations_iPad = "UIInterfaceOrientationPortrait UIInterfaceOrientationPortraitUpsideDown UIInterfaceOrientationLandscapeLeft UIInterfaceOrientationLandscapeRight";
				INFOPLIST_KEY_UISupportedInterfaceOrientations_iPhone = "UIInterfaceOrientationPortrait UIInterfaceOrientationLandscapeLeft UIInterfaceOrientationLandscapeRight";
				LD_RUNPATH_SEARCH_PATHS = (
					"$(inherited)",
					"@executable_path/Frameworks",
				);
				MARKETING_VERSION = 1.0;
				PRODUCT_BUNDLE_IDENTIFIER = "A.E.MTEC-App.TDDPasswordLab";
				PRODUCT_NAME = "$(TARGET_NAME)";
				STRING_CATALOG_GENERATE_SYMBOLS = YES;
				SWIFT_APPROACHABLE_CONCURRENCY = YES;
				SWIFT_DEFAULT_ACTOR_ISOLATION = MainActor;
				SWIFT_EMIT_LOC_STRINGS = YES;
				SWIFT_UPCOMING_FEATURE_MEMBER_IMPORT_VISIBILITY = YES;
				SWIFT_VERSION = 5.0;
				TARGETED_DEVICE_FAMILY = "1,2";
			};
			name = Release;
		};
		49C8254A2F29214B0097EFB2 /* Debug */ = {
			isa = XCBuildConfiguration;
			buildSettings = {
				BUNDLE_LOADER = "$(TEST_HOST)";
				CODE_SIGN_STYLE = Automatic;
				CURRENT_PROJECT_VERSION = 1;
				DEVELOPMENT_TEAM = 5X3HQD4PR7;
				GENERATE_INFOPLIST_FILE = YES;
				IPHONEOS_DEPLOYMENT_TARGET = 26.2;
				MARKETING_VERSION = 1.0;
				PRODUCT_BUNDLE_IDENTIFIER = "A.E.MTEC-App.TDDPasswordLabTests";
				PRODUCT_NAME = "$(TARGET_NAME)";
				STRING_CATALOG_GENERATE_SYMBOLS = NO;
				SWIFT_APPROACHABLE_CONCURRENCY = YES;
				SWIFT_EMIT_LOC_STRINGS = NO;
				SWIFT_UPCOMING_FEATURE_MEMBER_IMPORT_VISIBILITY = YES;
				SWIFT_VERSION = 5.0;
				TARGETED_DEVICE_FAMILY = "1,2";
				TEST_HOST = "$(BUILT_PRODUCTS_DIR)/TDDPasswordLab.app/$(BUNDLE_EXECUTABLE_FOLDER_PATH)/TDDPasswordLab";
			};
			name = Debug;
		};
		49C8254B2F29214B0097EFB2 /* Release */ = {
			isa = XCBuildConfiguration;
			buildSettings = {
				BUNDLE_LOADER = "$(TEST_HOST)";
				CODE_SIGN_STYLE = Automatic;
				CURRENT_PROJECT_VERSION = 1;
				DEVELOPMENT_TEAM = 5X3HQD4PR7;
				GENERATE_INFOPLIST_FILE = YES;
				IPHONEOS_DEPLOYMENT_TARGET = 26.2;
				MARKETING_VERSION = 1.0;
				PRODUCT_BUNDLE_IDENTIFIER = "A.E.MTEC-App.TDDPasswordLabTests";
				PRODUCT_NAME = "$(TARGET_NAME)";
				STRING_CATALOG_GENERATE_SYMBOLS = NO;
				SWIFT_APPROACHABLE_CONCURRENCY = YES;
				SWIFT_EMIT_LOC_STRINGS = NO;
				SWIFT_UPCOMING_FEATURE_MEMBER_IMPORT_VISIBILITY = YES;
				SWIFT_VERSION = 5.0;
				TARGETED_DEVICE_FAMILY = "1,2";
				TEST_HOST = "$(BUILT_PRODUCTS_DIR)/TDDPasswordLab.app/$(BUNDLE_EXECUTABLE_FOLDER_PATH)/TDDPasswordLab";
			};
			name = Release;
		};
		49C8254D2F29214B0097EFB2 /* Debug */ = {
			isa = XCBuildConfiguration;
			buildSettings = {
				CODE_SIGN_STYLE = Automatic;
				CURRENT_PROJECT_VERSION = 1;
				DEVELOPMENT_TEAM = 5X3HQD4PR7;
				GENERATE_INFOPLIST_FILE = YES;
				MARKETING_VERSION = 1.0;
				PRODUCT_BUNDLE_IDENTIFIER = "A.E.MTEC-App.TDDPasswordLabUITests";
				PRODUCT_NAME = "$(TARGET_NAME)";
				STRING_CATALOG_GENERATE_SYMBOLS = NO;
				SWIFT_APPROACHABLE_CONCURRENCY = YES;
				SWIFT_EMIT_LOC_STRINGS = NO;
				SWIFT_UPCOMING_FEATURE_MEMBER_IMPORT_VISIBILITY = YES;
				SWIFT_VERSION = 5.0;
				TARGETED_DEVICE_FAMILY = "1,2";
				TEST_TARGET_NAME = TDDPasswordLab;
			};
			name = Debug;
		};
		49C8254E2F29214B0097EFB2 /* Release */ = {
			isa = XCBuildConfiguration;
			buildSettings = {
				CODE_SIGN_STYLE = Automatic;
				CURRENT_PROJECT_VERSION = 1;
				DEVELOPMENT_TEAM = 5X3HQD4PR7;
				GENERATE_INFOPLIST_FILE = YES;
				MARKETING_VERSION = 1.0;
				PRODUCT_BUNDLE_IDENTIFIER = "A.E.MTEC-App.TDDPasswordLabUITests";
				PRODUCT_NAME = "$(TARGET_NAME)";
				STRING_CATALOG_GENERATE_SYMBOLS = NO;
				SWIFT_APPROACHABLE_CONCURRENCY = YES;
				SWIFT_EMIT_LOC_STRINGS = NO;
				SWIFT_UPCOMING_FEATURE_MEMBER_IMPORT_VISIBILITY = YES;
				SWIFT_VERSION = 5.0;
				TARGETED_DEVICE_FAMILY = "1,2";
				TEST_TARGET_NAME = TDDPasswordLab;
			};
			name = Release;
		};
/* End XCBuildConfiguration section */

/* Begin XCConfigurationList section */
		49C825202F2921490097EFB2 /* Build configuration list for PBXProject "TDDPasswordLab" */ = {
			isa = XCConfigurationList;
			buildConfigurations = (
				49C825442F29214B0097EFB2 /* Debug */,
				49C825452F29214B0097EFB2 /* Release */,
			);
			defaultConfigurationIsVisible = 0;
			defaultConfigurationName = Release;
		};
		49C825462F29214B0097EFB2 /* Build configuration list for PBXNativeTarget "TDDPasswordLab" */ = {
			isa = XCConfigurationList;
			buildConfigurations = (
				49C825472F29214B0097EFB2 /* Debug */,
				49C825482F29214B0097EFB2 /* Release */,
			);
			defaultConfigurationIsVisible = 0;
			defaultConfigurationName = Release;
		};
		49C825492F29214B0097EFB2 /* Build configuration list for PBXNativeTarget "TDDPasswordLabTests" */ = {
			isa = XCConfigurationList;
			buildConfigurations = (
				49C8254A2F29214B0097EFB2 /* Debug */,
				49C8254B2F29214B0097EFB2 /* Release */,
			);
			defaultConfigurationIsVisible = 0;
			defaultConfigurationName = Release;
		};
		49C8254C2F29214B0097EFB2 /* Build configuration list for PBXNativeTarget "TDDPasswordLabUITests" */ = {
			isa = XCConfigurationList;
			buildConfigurations = (
				49C8254D2F29214B0097EFB2 /* Debug */,
				49C8254E2F29214B0097EFB2 /* Release */,
			);
			defaultConfigurationIsVisible = 0;
			defaultConfigurationName = Release;
		};
/* End XCConfigurationList section */
	};
	rootObject = 49C8251D2F2921490097EFB2 /* Project object */;
}
